
Microsoft Visual Studio Solution File, Format Version 12.00
# Visual Studio Version 17
VisualStudioVersion = 17.2.32602.215
MinimumVisualStudioVersion = 10.0.40219.1
Project("{9A19103F-16F7-4668-BE54-9A1E7A4F7556}") = "NC_AdvinhaNum", "NC_AdvinhaNum\NC_AdvinhaNum.csproj", "{37B7C642-6A57-42BB-A803-2A5228858B12}"
EndProject
Global
	GlobalSection(SolutionConfigurationPlatforms) = preSolution
		Debug|Any CPU = Debug|Any CPU
		Release|Any CPU = Release|Any CPU
	EndGlobalSection
	GlobalSection(ProjectConfigurationPlatforms) = postSolution
		{37B7C642-6A57-42BB-A803-2A5228858B12}.Debug|Any CPU.ActiveCfg = Debug|Any CPU
		{37B7C642-6A57-42BB-A803-2A5228858B12}.Debug|Any CPU.Build.0 = Debug|Any CPU
		{37B7C642-6A57-42BB-A803-2A5228858B12}.Release|Any CPU.ActiveCfg = Release|Any CPU
		{37B7C642-6A57-42BB-A803-2A5228858B12}.Release|Any CPU.Build.0 = Release|Any CPU
	EndGlobalSection
	GlobalSection(SolutionProperties) = preSolution
		HideSolutionNode = FALSE
	EndGlobalSection
	GlobalSection(ExtensibilityGlobals) = postSolution
		SolutionGuid = {D7DC1EFE-7456-49E9-B9DC-90404379DCC5}
	EndGlobalSection
EndGlobal
